// !$*UTF8*$!
{
	archiveVersion = 1;
	classes = {
	};
	objectVersion = 50;
	objects = {

/* Begin PBXBuildFile section */
		0193BD8420C247C800821580 /* AppDelegate.swift in Sources */ = {isa = PBXBuildFile; fileRef = 0193BD8320C247C800821580 /* AppDelegate.swift */; };
		0193BD8620C247C800821580 /* ViewController.swift in Sources */ = {isa = PBXBuildFile; fileRef = 0193BD8520C247C800821580 /* ViewController.swift */; };
		0193BD8920C247C800821580 /* Main.storyboard in Resources */ = {isa = PBXBuildFile; fileRef = 0193BD8720C247C800821580 /* Main.storyboard */; };
		0193BD8B20C247CA00821580 /* Assets.xcassets in Resources */ = {isa = PBXBuildFile; fileRef = 0193BD8A20C247CA00821580 /* Assets.xcassets */; };
		0193BD8E20C247CA00821580 /* LaunchScreen.storyboard in Resources */ = {isa = PBXBuildFile; fileRef = 0193BD8C20C247CA00821580 /* LaunchScreen.storyboard */; };
		0193BD9920C247CA00821580 /* MusicPlayerTests.swift in Sources */ = {isa = PBXBuildFile; fileRef = 0193BD9820C247CA00821580 /* MusicPlayerTests.swift */; };
		0193BDA420C247CA00821580 /* MusicPlayerUITests.swift in Sources */ = {isa = PBXBuildFile; fileRef = 0193BDA320C247CA00821580 /* MusicPlayerUITests.swift */; };
		0193BDB220C247DA00821580 /* MusicPlayer.swift in Sources */ = {isa = PBXBuildFile; fileRef = 0193BDB120C247D900821580 /* MusicPlayer.swift */; };
		0193BDB420C247E200821580 /* songs in Resources */ = {isa = PBXBuildFile; fileRef = 0193BDB320C247E200821580 /* songs */; };
/* End PBXBuildFile section */

/* Begin PBXContainerItemProxy section */
		0193BD9520C247CA00821580 /* PBXContainerItemProxy */ = {
			isa = PBXContainerItemProxy;
			containerPortal = 0193BD7820C247C800821580 /* Project object */;
			proxyType = 1;
			remoteGlobalIDString = 0193BD7F20C247C800821580;
			remoteInfo = MusicPlayer;
		};
		0193BDA020C247CA00821580 /* PBXContainerItemProxy */ = {
			isa = PBXContainerItemProxy;
			containerPortal = 0193BD7820C247C800821580 /* Project object */;
			proxyType = 1;
			remoteGlobalIDString = 0193BD7F20C247C800821580;
			remoteInfo = MusicPlayer;
		};
/* End PBXContainerItemProxy section */

/* Begin PBXFileReference section */
		0193BD8020C247C800821580 /* MusicPlayer.app */ = {isa = PBXFileReference; explicitFileType = wrapper.application; includeInIndex = 0; path = MusicPlayer.app; sourceTree = BUILT_PRODUCTS_DIR; };
		0193BD8320C247C800821580 /* AppDelegate.swift */ = {isa = PBXFileReference; lastKnownFileType = sourcecode.swift; path = AppDelegate.swift; sourceTree = "<group>"; };
		0193BD8520C247C800821580 /* ViewController.swift */ = {isa = PBXFileReference; lastKnownFileType = sourcecode.swift; path = ViewController.swift; sourceTree = "<group>"; };
		0193BD8820C247C800821580 /* Base */ = {isa = PBXFileReference; lastKnownFileType = file.storyboard; name = Base; path = Base.lproj/Main.storyboard; sourceTree = "<group>"; };
		0193BD8A20C247CA00821580 /* Assets.xcassets */ = {isa = PBXFileReference; lastKnownFileType = folder.assetcatalog; path = Assets.xcassets; sourceTree = "<group>"; };
		0193BD8D20C247CA00821580 /* Base */ = {isa = PBXFileReference; lastKnownFileType = file.storyboard; name = Base; path = Base.lproj/LaunchScreen.storyboard; sourceTree = "<group>"; };
		0193BD8F20C247CA00821580 /* Info.plist */ = {isa = PBXFileReference; lastKnownFileType = text.plist.xml; path = Info.plist; sourceTree = "<group>"; };
		0193BD9420C247CA00821580 /* MusicPlayerTests.xctest */ = {isa = PBXFileReference; explicitFileType = wrapper.cfbundle; includeInIndex = 0; path = MusicPlayerTests.xctest; sourceTree = BUILT_PRODUCTS_DIR; };
		0193BD9820C247CA00821580 /* MusicPlayerTests.swift */ = {isa = PBXFileReference; lastKnownFileType = sourcecode.swift; path = MusicPlayerTests.swift; sourceTree = "<group>"; };
		0193BD9A20C247CA00821580 /* Info.plist */ = {isa = PBXFileReference; lastKnownFileType = text.plist.xml; path = Info.plist; sourceTree = "<group>"; };
		0193BD9F20C247CA00821580 /* MusicPlayerUITests.xctest */ = {isa = PBXFileReference; explicitFileType = wrapper.cfbundle; includeInIndex = 0; path = MusicPlayerUITests.xctest; sourceTree = BUILT_PRODUCTS_DIR; };
		0193BDA320C247CA00821580 /* MusicPlayerUITests.swift */ = {isa = PBXFileReference; lastKnownFileType = sourcecode.swift; path = MusicPlayerUITests.swift; sourceTree = "<group>"; };
		0193BDA520C247CA00821580 /* Info.plist */ = {isa = PBXFileReference; lastKnownFileType = text.plist.xml; path = Info.plist; sourceTree = "<group>"; };
		0193BDB120C247D900821580 /* MusicPlayer.swift */ = {isa = PBXFileReference; fileEncoding = 4; lastKnownFileType = sourcecode.swift; path = MusicPlayer.swift; sourceTree = "<group>"; };
		0193BDB320C247E200821580 /* songs */ = {isa = PBXFileReference; lastKnownFileType = folder; path = songs; sourceTree = "<group>"; };
/* End PBXFileReference section */

/* Begin PBXFrameworksBuildPhase section */
		0193BD7D20C247C800821580 /* Frameworks */ = {
			isa = PBXFrameworksBuildPhase;
			buildActionMask = 2147483647;
			files = (
			);
			runOnlyForDeploymentPostprocessing = 0;
		};
		0193BD9120C247CA00821580 /* Frameworks */ = {
			isa = PBXFrameworksBuildPhase;
			buildActionMask = 2147483647;
			files = (
			);
			runOnlyForDeploymentPostprocessing = 0;
		};
		0193BD9C20C247CA00821580 /* Frameworks */ = {
			isa = PBXFrameworksBuildPhase;
			buildActionMask = 2147483647;
			files = (
			);
			runOnlyForDeploymentPostprocessing = 0;
		};
/* End PBXFrameworksBuildPhase section */

/* Begin PBXGroup section */
		0193BD7720C247C800821580 = {
			isa = PBXGroup;
			children = (
				0193BD8220C247C800821580 /* MusicPlayer */,
				0193BD9720C247CA00821580 /* MusicPlayerTests */,
				0193BDA220C247CA00821580 /* MusicPlayerUITests */,
				0193BD8120C247C800821580 /* Products */,
			);
			sourceTree = "<group>";
		};
		0193BD8120C247C800821580 /* Products */ = {
			isa = PBXGroup;
			children = (
				0193BD8020C247C800821580 /* MusicPlayer.app */,
				0193BD9420C247CA00821580 /* MusicPlayerTests.xctest */,
				0193BD9F20C247CA00821580 /* MusicPlayerUITests.xctest */,
			);
			name = Products;
			sourceTree = "<group>";
		};
		0193BD8220C247C800821580 /* MusicPlayer */ = {
			isa = PBXGroup;
			children = (
				0193BD8320C247C800821580 /* AppDelegate.swift */,
				0193BD8520C247C800821580 /* ViewController.swift */,
				0193BD8720C247C800821580 /* Main.storyboard */,
				0193BDB120C247D900821580 /* MusicPlayer.swift */,
				0193BDB320C247E200821580 /* songs */,
				0193BD8A20C247CA00821580 /* Assets.xcassets */,
				0193BD8C20C247CA00821580 /* LaunchScreen.storyboard */,
				0193BD8F20C247CA00821580 /* Info.plist */,
			);
			path = MusicPlayer;
			sourceTree = "<group>";
		};
		0193BD9720C247CA00821580 /* MusicPlayerTests */ = {
			isa = PBXGroup;
			children = (
				0193BD9820C247CA00821580 /* MusicPlayerTests.swift */,
				0193BD9A20C247CA00821580 /* Info.plist */,
			);
			path = MusicPlayerTests;
			sourceTree = "<group>";
		};
		0193BDA220C247CA00821580 /* MusicPlayerUITests */ = {
			isa = PBXGroup;
			children = (
				0193BDA320C247CA00821580 /* MusicPlayerUITests.swift */,
				0193BDA520C247CA00821580 /* Info.plist */,
			);
			path = MusicPlayerUITests;
			sourceTree = "<group>";
		};
/* End PBXGroup section */

/* Begin PBXNativeTarget section */
		0193BD7F20C247C800821580 /* MusicPlayer */ = {
			isa = PBXNativeTarget;
			buildConfigurationList = 0193BDA820C247CA00821580 /* Build configuration list for PBXNativeTarget "MusicPlayer" */;
			buildPhases = (
				0193BD7C20C247C800821580 /* Sources */,
				0193BD7D20C247C800821580 /* Frameworks */,
				0193BD7E20C247C800821580 /* Resources */,
			);
			buildRules = (
			);
			dependencies = (
			);
			name = MusicPlayer;
			productName = MusicPlayer;
			productReference = 0193BD8020C247C800821580 /* MusicPlayer.app */;
			productType = "com.apple.product-type.application";
		};
		0193BD9320C247CA00821580 /* MusicPlayerTests */ = {
			isa = PBXNativeTarget;
			buildConfigurationList = 0193BDAB20C247CA00821580 /* Build configuration list for PBXNativeTarget "MusicPlayerTests" */;
			buildPhases = (
				0193BD9020C247CA00821580 /* Sources */,
				0193BD9120C247CA00821580 /* Frameworks */,
				0193BD9220C247CA00821580 /* Resources */,
			);
			buildRules = (
			);
			dependencies = (
				0193BD9620C247CA00821580 /* PBXTargetDependency */,
			);
			name = MusicPlayerTests;
			productName = MusicPlayerTests;
			productReference = 0193BD9420C247CA00821580 /* MusicPlayerTests.xctest */;
			productType = "com.apple.product-type.bundle.unit-test";
		};
		0193BD9E20C247CA00821580 /* MusicPlayerUITests */ = {
			isa = PBXNativeTarget;
			buildConfigurationList = 0193BDAE20C247CA00821580 /* Build configuration list for PBXNativeTarget "MusicPlayerUITests" */;
			buildPhases = (
				0193BD9B20C247CA00821580 /* Sources */,
				0193BD9C20C247CA00821580 /* Frameworks */,
				0193BD9D20C247CA00821580 /* Resources */,
			);
			buildRules = (
			);
			dependencies = (
				0193BDA120C247CA00821580 /* PBXTargetDependency */,
			);
			name = MusicPlayerUITests;
			productName = MusicPlayerUITests;
			productReference = 0193BD9F20C247CA00821580 /* MusicPlayerUITests.xctest */;
			productType = "com.apple.product-type.bundle.ui-testing";
		};
/* End PBXNativeTarget section */

/* Begin PBXProject section */
		0193BD7820C247C800821580 /* Project object */ = {
			isa = PBXProject;
			attributes = {
				LastSwiftUpdateCheck = 0930;
				LastUpgradeCheck = 0930;
				ORGANIZATIONNAME = wangyuwei;
				TargetAttributes = {
					0193BD7F20C247C800821580 = {
						CreatedOnToolsVersion = 9.3;
					};
					0193BD9320C247CA00821580 = {
						CreatedOnToolsVersion = 9.3;
						TestTargetID = 0193BD7F20C247C800821580;
					};
					0193BD9E20C247CA00821580 = {
						CreatedOnToolsVersion = 9.3;
						TestTargetID = 0193BD7F20C247C800821580;
					};
				};
			};
			buildConfigurationList = 0193BD7B20C247C800821580 /* Build configuration list for PBXProject "MusicPlayer" */;
			compatibilityVersion = "Xcode 9.3";
			developmentRegion = en;
			hasScannedForEncodings = 0;
			knownRegions = (
				en,
				Base,
			);
			mainGroup = 0193BD7720C247C800821580;
			productRefGroup = 0193BD8120C247C800821580 /* Products */;
			projectDirPath = "";
			projectRoot = "";
			targets = (
				0193BD7F20C247C800821580 /* MusicPlayer */,
				0193BD9320C247CA00821580 /* MusicPlayerTests */,
				0193BD9E20C247CA00821580 /* MusicPlayerUITests */,
			);
		};
/* End PBXProject section */

/* Begin PBXResourcesBuildPhase section */
		0193BD7E20C247C800821580 /* Resources */ = {
			isa = PBXResourcesBuildPhase;
			buildActionMask = 2147483647;
			files = (
				0193BD8E20C247CA00821580 /* LaunchScreen.storyboard in Resources */,
				0193BD8B20C247CA00821580 /* Assets.xcassets in Resources */,
				0193BD8920C247C800821580 /* Main.storyboard in Resources */,
				0193BDB420C247E200821580 /* songs in Resources */,
			);
			runOnlyForDeploymentPostprocessing = 0;
		};
		0193BD9220C247CA00821580 /* Resources */ = {
			isa = PBXResourcesBuildPhase;
			buildActionMask = 2147483647;
			files = (
			);
			runOnlyForDeploymentPostprocessing = 0;
		};
		0193BD9D20C247CA00821580 /* Resources */ = {
			isa = PBXResourcesBuildPhase;
			buildActionMask = 2147483647;
			files = (
			);
			runOnlyForDeploymentPostprocessing = 0;
		};
/* End PBXResourcesBuildPhase section */

/* Begin PBXSourcesBuildPhase section */
		0193BD7C20C247C800821580 /* Sources */ = {
			isa = PBXSourcesBuildPhase;
			buildActionMask = 2147483647;
			files = (
				0193BD8620C247C800821580 /* ViewController.swift in Sources */,
				0193BD8420C247C800821580 /* AppDelegate.swift in Sources */,
				0193BDB220C247DA00821580 /* MusicPlayer.swift in Sources */,
			);
			runOnlyForDeploymentPostprocessing = 0;
		};
		0193BD9020C247CA00821580 /* Sources */ = {
			isa = PBXSourcesBuildPhase;
			buildActionMask = 2147483647;
			files = (
				0193BD9920C247CA00821580 /* MusicPlayerTests.swift in Sources */,
			);
			runOnlyForDeploymentPostprocessing = 0;
		};
		0193BD9B20C247CA00821580 /* Sources */ = {
			isa = PBXSourcesBuildPhase;
			buildActionMask = 2147483647;
			files = (
				0193BDA420C247CA00821580 /* MusicPlayerUITests.swift in Sources */,
			);
			runOnlyForDeploymentPostprocessing = 0;
		};
/* End PBXSourcesBuildPhase section */

/* Begin PBXTargetDependency section */
		0193BD9620C247CA00821580 /* PBXTargetDependency */ = {
			isa = PBXTargetDependency;
			target = 0193BD7F20C247C800821580 /* MusicPlayer */;
			targetProxy = 0193BD9520C247CA00821580 /* PBXContainerItemProxy */;
		};
		0193BDA120C247CA00821580 /* PBXTargetDependency */ = {
			isa = PBXTargetDependency;
			target = 0193BD7F20C247C800821580 /* MusicPlayer */;
			targetProxy = 0193BDA020C247CA00821580 /* PBXContainerItemProxy */;
		};
/* End PBXTargetDependency section */

/* Begin PBXVariantGroup section */
		0193BD8720C247C800821580 /* Main.storyboard */ = {
			isa = PBXVariantGroup;
			children = (
				0193BD8820C247C800821580 /* Base */,
			);
			name = Main.storyboard;
			sourceTree = "<group>";
		};
		0193BD8C20C247CA00821580 /* LaunchScreen.storyboard */ = {
			isa = PBXVariantGroup;
			children = (
				0193BD8D20C247CA00821580 /* Base */,
			);
			name = LaunchScreen.storyboard;
			sourceTree = "<group>";
		};
/* End PBXVariantGroup section */

/* Begin XCBuildConfiguration section */
		0193BDA620C247CA00821580 /* Debug */ = {
			isa = XCBuildConfiguration;
			buildSettings = {
				ALWAYS_SEARCH_USER_PATHS = NO;
				CLANG_ANALYZER_NONNULL = YES;
				CLANG_ANALYZER_NUMBER_OBJECT_CONVERSION = YES_AGGRESSIVE;
				CLANG_CXX_LANGUAGE_STANDARD = "gnu++14";
				CLANG_CXX_LIBRARY = "libc++";
				CLANG_ENABLE_MODULES = YES;
				CLANG_ENABLE_OBJC_ARC = YES;
				CLANG_ENABLE_OBJC_WEAK = YES;
				CLANG_WARN_BLOCK_CAPTURE_AUTORELEASING = YES;
				CLANG_WARN_BOOL_CONVERSION = YES;
				CLANG_WARN_COMMA = YES;
				CLANG_WARN_CONSTANT_CONVERSION = YES;
				CLANG_WARN_DEPRECATED_OBJC_IMPLEMENTATIONS = YES;
				CLANG_WARN_DIRECT_OBJC_ISA_USAGE = YES_ERROR;
				CLANG_WARN_DOCUMENTATION_COMMENTS = YES;
				CLANG_WARN_EMPTY_BODY = YES;
				CLANG_WARN_ENUM_CONVERSION = YES;
				CLANG_WARN_INFINITE_RECURSION = YES;
				CLANG_WARN_INT_CONVERSION = YES;
				CLANG_WARN_NON_LITERAL_NULL_CONVERSION = YES;
				CLANG_WARN_OBJC_IMPLICIT_RETAIN_SELF = YES;
				CLANG_WARN_OBJC_LITERAL_CONVERSION = YES;
				CLANG_WARN_OBJC_ROOT_CLASS = YES_ERROR;
				CLANG_WARN_RANGE_LOOP_ANALYSIS = YES;
				CLANG_WARN_STRICT_PROTOTYPES = YES;
				CLANG_WARN_SUSPICIOUS_MOVE = YES;
				CLANG_WARN_UNGUARDED_AVAILABILITY = YES_AGGRESSIVE;
				CLANG_WARN_UNREACHABLE_CODE = YES;
				CLANG_WARN__DUPLICATE_METHOD_MATCH = YES;
				CODE_SIGN_IDENTITY = "iPhone Developer";
				COPY_PHASE_STRIP = NO;
				DEBUG_INFORMATION_FORMAT = dwarf;
				ENABLE_STRICT_OBJC_MSGSEND = YES;
				ENABLE_TESTABILITY = YES;
				GCC_C_LANGUAGE_STANDARD = gnu11;
				GCC_DYNAMIC_NO_PIC = NO;
				GCC_NO_COMMON_BLOCKS = YES;
				GCC_OPTIMIZATION_LEVEL = 0;
				GCC_PREPROCESSOR_DEFINITIONS = (
					"DEBUG=1",
					"$(inherited)",
				);
				GCC_WARN_64_TO_32_BIT_CONVERSION = YES;
				GCC_WARN_ABOUT_RETURN_TYPE = YES_ERROR;
				GCC_WARN_UNDECLARED_SELECTOR = YES;
				GCC_WARN_UNINITIALIZED_AUTOS = YES_AGGRESSIVE;
				GCC_WARN_UNUSED_FUNCTION = YES;
				GCC_WARN_UNUSED_VARIABLE = YES;
				IPHONEOS_DEPLOYMENT_TARGET = 11.3;
				MTL_ENABLE_DEBUG_INFO = YES;
				ONLY_ACTIVE_ARCH = YES;
				SDKROOT = iphoneos;
				SWIFT_ACTIVE_COMPILATION_CONDITIONS = DEBUG;
				SWIFT_OPTIMIZATION_LEVEL = "-Onone";
			};
			name = Debug;
		};
		0193BDA720C247CA00821580 /* Release */ = {
			isa = XCBuildConfiguration;
			buildSettings = {
				ALWAYS_SEARCH_USER_PATHS = NO;
				CLANG_ANALYZER_NONNULL = YES;
				CLANG_ANALYZER_NUMBER_OBJECT_CONVERSION = YES_AGGRESSIVE;
				CLANG_CXX_LANGUAGE_STANDARD = "gnu++14";
				CLANG_CXX_LIBRARY = "libc++";
				CLANG_ENABLE_MODULES = YES;
				CLANG_ENABLE_OBJC_ARC = YES;
				CLANG_ENABLE_OBJC_WEAK = YES;
				CLANG_WARN_BLOCK_CAPTURE_AUTORELEASING = YES;
				CLANG_WARN_BOOL_CONVERSION = YES;
				CLANG_WARN_COMMA = YES;
				CLANG_WARN_CONSTANT_CONVERSION = YES;
				CLANG_WARN_DEPRECATED_OBJC_IMPLEMENTATIONS = YES;
				CLANG_WARN_DIRECT_OBJC_ISA_USAGE = YES_ERROR;
				CLANG_WARN_DOCUMENTATION_COMMENTS = YES;
				CLANG_WARN_EMPTY_BODY = YES;
				CLANG_WARN_ENUM_CONVERSION = YES;
				CLANG_WARN_INFINITE_RECURSION = YES;
				CLANG_WARN_INT_CONVERSION = YES;
				CLANG_WARN_NON_LITERAL_NULL_CONVERSION = YES;
				CLANG_WARN_OBJC_IMPLICIT_RETAIN_SELF = YES;
				CLANG_WARN_OBJC_LITERAL_CONVERSION = YES;
				CLANG_WARN_OBJC_ROOT_CLASS = YES_ERROR;
				CLANG_WARN_RANGE_LOOP_ANALYSIS = YES;
				CLANG_WARN_STRICT_PROTOTYPES = YES;
				CLANG_WARN_SUSPICIOUS_MOVE = YES;
				CLANG_WARN_UNGUARDED_AVAILABILITY = YES_AGGRESSIVE;
				CLANG_WARN_UNREACHABLE_CODE = YES;
				CLANG_WARN__DUPLICATE_METHOD_MATCH = YES;
				CODE_SIGN_IDENTITY = "iPhone Developer";
				COPY_PHASE_STRIP = NO;
				DEBUG_INFORMATION_FORMAT = "dwarf-with-dsym";
				ENABLE_NS_ASSERTIONS = NO;
				ENABLE_STRICT_OBJC_MSGSEND = YES;
				GCC_C_LANGUAGE_STANDARD = gnu11;
				GCC_NO_COMMON_BLOCKS = YES;
				GCC_WARN_64_TO_32_BIT_CONVERSION = YES;
				GCC_WARN_ABOUT_RETURN_TYPE = YES_ERROR;
				GCC_WARN_UNDECLARED_SELECTOR = YES;
				GCC_WARN_UNINITIALIZED_AUTOS = YES_AGGRESSIVE;
				GCC_WARN_UNUSED_FUNCTION = YES;
				GCC_WARN_UNUSED_VARIABLE = YES;
				IPHONEOS_DEPLOYMENT_TARGET = 11.3;
				MTL_ENABLE_DEBUG_INFO = NO;
				SDKROOT = iphoneos;
				SWIFT_COMPILATION_MODE = wholemodule;
				SWIFT_OPTIMIZATION_LEVEL = "-O";
				VALIDATE_PRODUCT = YES;
			};
			name = Release;
		};
		0193BDA920C247CA00821580 /* Debug */ = {
			isa = XCBuildConfiguration;
			buildSettings = {
				ASSETCATALOG_COMPILER_APPICON_NAME = AppIcon;
				CODE_SIGN_STYLE = Automatic;
				DEVELOPMENT_TEAM = 24SM6522LU;
				INFOPLIST_FILE = MusicPlayer/Info.plist;
				LD_RUNPATH_SEARCH_PATHS = (
					"$(inherited)",
					"@executable_path/Frameworks",
				);
				PRODUCT_BUNDLE_IDENTIFIER = "---.MusicPlayer";
				PRODUCT_NAME = "$(TARGET_NAME)";
				SWIFT_VERSION = 4.0;
				TARGETED_DEVICE_FAMILY = "1,2";
			};
			name = Debug;
		};
		0193BDAA20C247CA00821580 /* Release */ = {
			isa = XCBuildConfiguration;
			buildSettings = {
				ASSETCATALOG_COMPILER_APPICON_NAME = AppIcon;
				CODE_SIGN_STYLE = Automatic;
				DEVELOPMENT_TEAM = 24SM6522LU;
				INFOPLIST_FILE = MusicPlayer/Info.plist;
				LD_RUNPATH_SEARCH_PATHS = (
					"$(inherited)",
					"@executable_path/Frameworks",
				);
				PRODUCT_BUNDLE_IDENTIFIER = "---.MusicPlayer";
				PRODUCT_NAME = "$(TARGET_NAME)";
				SWIFT_VERSION = 4.0;
				TARGETED_DEVICE_FAMILY = "1,2";
			};
			name = Release;
		};
		0193BDAC20C247CA00821580 /* Debug */ = {
			isa = XCBuildConfiguration;
			buildSettings = {
				ALWAYS_EMBED_SWIFT_STANDARD_LIBRARIES = YES;
				BUNDLE_LOADER = "$(TEST_HOST)";
				CODE_SIGN_STYLE = Automatic;
				DEVELOPMENT_TEAM = 24SM6522LU;
				INFOPLIST_FILE = MusicPlayerTests/Info.plist;
				LD_RUNPATH_SEARCH_PATHS = (
					"$(inherited)",
					"@executable_path/Frameworks",
					"@loader_path/Frameworks",
				);
				PRODUCT_BUNDLE_IDENTIFIER = "---.MusicPlayerTests";
				PRODUCT_NAME = "$(TARGET_NAME)";
				SWIFT_VERSION = 4.0;
				TARGETED_DEVICE_FAMILY = "1,2";
				TEST_HOST = "$(BUILT_PRODUCTS_DIR)/MusicPlayer.app/MusicPlayer";
			};
			name = Debug;
		};
		0193BDAD20C247CA00821580 /* Release */ = {
			isa = XCBuildConfiguration;
			buildSettings = {
				ALWAYS_EMBED_SWIFT_STANDARD_LIBRARIES = YES;
				BUNDLE_LOADER = "$(TEST_HOST)";
				CODE_SIGN_STYLE = Automatic;
				DEVELOPMENT_TEAM = 24SM6522LU;
				INFOPLIST_FILE = MusicPlayerTests/Info.plist;
				LD_RUNPATH_SEARCH_PATHS = (
					"$(inherited)",
					"@executable_path/Frameworks",
					"@loader_path/Frameworks",
				);
				PRODUCT_BUNDLE_IDENTIFIER = "---.MusicPlayerTests";
				PRODUCT_NAME = "$(TARGET_NAME)";
				SWIFT_VERSION = 4.0;
				TARGETED_DEVICE_FAMILY = "1,2";
				TEST_HOST = "$(BUILT_PRODUCTS_DIR)/MusicPlayer.app/MusicPlayer";
			};
			name = Release;
		};
		0193BDAF20C247CA00821580 /* Debug */ = {
			isa = XCBuildConfiguration;
			buildSettings = {
				ALWAYS_EMBED_SWIFT_STANDARD_LIBRARIES = YES;
				CODE_SIGN_STYLE = Automatic;
				DEVELOPMENT_TEAM = 24SM6522LU;
				INFOPLIST_FILE = MusicPlayerUITests/Info.plist;
				LD_RUNPATH_SEARCH_PATHS = (
					"$(inherited)",
					"@executable_path/Frameworks",
					"@loader_path/Frameworks",
				);
				PRODUCT_BUNDLE_IDENTIFIER = "---.MusicPlayerUITests";
				PRODUCT_NAME = "$(TARGET_NAME)";
				SWIFT_VERSION = 4.0;
				TARGETED_DEVICE_FAMILY = "1,2";
				TEST_TARGET_NAME = MusicPlayer;
			};
			name = Debug;
		};
		0193BDB020C247CA00821580 /* Release */ = {
			isa = XCBuildConfiguration;
			buildSettings = {
				ALWAYS_EMBED_SWIFT_STANDARD_LIBRARIES = YES;
				CODE_SIGN_STYLE = Automatic;
				DEVELOPMENT_TEAM = 24SM6522LU;
				INFOPLIST_FILE = MusicPlayerUITests/Info.plist;
				LD_RUNPATH_SEARCH_PATHS = (
					"$(inherited)",
					"@executable_path/Frameworks",
					"@loader_path/Frameworks",
				);
				PRODUCT_BUNDLE_IDENTIFIER = "---.MusicPlayerUITests";
				PRODUCT_NAME = "$(TARGET_NAME)";
				SWIFT_VERSION = 4.0;
				TARGETED_DEVICE_FAMILY = "1,2";
				TEST_TARGET_NAME = MusicPlayer;
			};
			name = Release;
		};
/* End XCBuildConfiguration section */

/* Begin XCConfigurationList section */
		0193BD7B20C247C800821580 /* Build configuration list for PBXProject "MusicPlayer" */ = {
			isa = XCConfigurationList;
			buildConfigurations = (
				0193BDA620C247CA00821580 /* Debug */,
				0193BDA720C247CA00821580 /* Release */,
			);
			defaultConfigurationIsVisible = 0;
			defaultConfigurationName = Release;
		};
		0193BDA820C247CA00821580 /* Build configuration list for PBXNativeTarget "MusicPlayer" */ = {
			isa = XCConfigurationList;
			buildConfigurations = (
				0193BDA920C247CA00821580 /* Debug */,
				0193BDAA20C247CA00821580 /* Release */,
			);
			defaultConfigurationIsVisible = 0;
			defaultConfigurationName = Release;
		};
		0193BDAB20C247CA00821580 /* Build configuration list for PBXNativeTarget "MusicPlayerTests" */ = {
			isa = XCConfigurationList;
			buildConfigurations = (
				0193BDAC20C247CA00821580 /* Debug */,
				0193BDAD20C247CA00821580 /* Release */,
			);
			defaultConfigurationIsVisible = 0;
			defaultConfigurationName = Release;
		};
		0193BDAE20C247CA00821580 /* Build configuration list for PBXNativeTarget "MusicPlayerUITests" */ = {
			isa = XCConfigurationList;
			buildConfigurations = (
				0193BDAF20C247CA00821580 /* Debug */,
				0193BDB020C247CA00821580 /* Release */,
			);
			defaultConfigurationIsVisible = 0;
			defaultConfigurationName = Release;
		};
/* End XCConfigurationList section */
	};
	rootObject = 0193BD7820C247C800821580 /* Project object */;
}
