// !$*UTF8*$!
{
	archiveVersion = 1;
	classes = {
	};
	objectVersion = 50;
	objects = {

/* Begin PBXBuildFile section */
		0193BD1020BFF75A00821580 /* AppDelegate.swift in Sources */ = {isa = PBXBuildFile; fileRef = 0193BD0F20BFF75A00821580 /* AppDelegate.swift */; };
		0193BD1220BFF75A00821580 /* ViewController.swift in Sources */ = {isa = PBXBuildFile; fileRef = 0193BD1120BFF75A00821580 /* ViewController.swift */; };
		0193BD1520BFF75A00821580 /* Main.storyboard in Resources */ = {isa = PBXBuildFile; fileRef = 0193BD1320BFF75A00821580 /* Main.storyboard */; };
		0193BD1720BFF75A00821580 /* Assets.xcassets in Resources */ = {isa = PBXBuildFile; fileRef = 0193BD1620BFF75A00821580 /* Assets.xcassets */; };
		0193BD1A20BFF75A00821580 /* LaunchScreen.storyboard in Resources */ = {isa = PBXBuildFile; fileRef = 0193BD1820BFF75A00821580 /* LaunchScreen.storyboard */; };
		0193BD2520BFF75B00821580 /* Calculator_AppTests.swift in Sources */ = {isa = PBXBuildFile; fileRef = 0193BD2420BFF75B00821580 /* Calculator_AppTests.swift */; };
		0193BD3020BFF75B00821580 /* Calculator_AppUITests.swift in Sources */ = {isa = PBXBuildFile; fileRef = 0193BD2F20BFF75B00821580 /* Calculator_AppUITests.swift */; };
/* End PBXBuildFile section */

/* Begin PBXContainerItemProxy section */
		0193BD2120BFF75B00821580 /* PBXContainerItemProxy */ = {
			isa = PBXContainerItemProxy;
			containerPortal = 0193BD0420BFF75A00821580 /* Project object */;
			proxyType = 1;
			remoteGlobalIDString = 0193BD0B20BFF75A00821580;
			remoteInfo = Calculator_App;
		};
		0193BD2C20BFF75B00821580 /* PBXContainerItemProxy */ = {
			isa = PBXContainerItemProxy;
			containerPortal = 0193BD0420BFF75A00821580 /* Project object */;
			proxyType = 1;
			remoteGlobalIDString = 0193BD0B20BFF75A00821580;
			remoteInfo = Calculator_App;
		};
/* End PBXContainerItemProxy section */

/* Begin PBXFileReference section */
		0193BD0C20BFF75A00821580 /* Calculator_App.app */ = {isa = PBXFileReference; explicitFileType = wrapper.application; includeInIndex = 0; path = Calculator_App.app; sourceTree = BUILT_PRODUCTS_DIR; };
		0193BD0F20BFF75A00821580 /* AppDelegate.swift */ = {isa = PBXFileReference; lastKnownFileType = sourcecode.swift; path = AppDelegate.swift; sourceTree = "<group>"; };
		0193BD1120BFF75A00821580 /* ViewController.swift */ = {isa = PBXFileReference; lastKnownFileType = sourcecode.swift; path = ViewController.swift; sourceTree = "<group>"; };
		0193BD1420BFF75A00821580 /* Base */ = {isa = PBXFileReference; lastKnownFileType = file.storyboard; name = Base; path = Base.lproj/Main.storyboard; sourceTree = "<group>"; };
		0193BD1620BFF75A00821580 /* Assets.xcassets */ = {isa = PBXFileReference; lastKnownFileType = folder.assetcatalog; path = Assets.xcassets; sourceTree = "<group>"; };
		0193BD1920BFF75A00821580 /* Base */ = {isa = PBXFileReference; lastKnownFileType = file.storyboard; name = Base; path = Base.lproj/LaunchScreen.storyboard; sourceTree = "<group>"; };
		0193BD1B20BFF75A00821580 /* Info.plist */ = {isa = PBXFileReference; lastKnownFileType = text.plist.xml; path = Info.plist; sourceTree = "<group>"; };
		0193BD2020BFF75B00821580 /* Calculator_AppTests.xctest */ = {isa = PBXFileReference; explicitFileType = wrapper.cfbundle; includeInIndex = 0; path = Calculator_AppTests.xctest; sourceTree = BUILT_PRODUCTS_DIR; };
		0193BD2420BFF75B00821580 /* Calculator_AppTests.swift */ = {isa = PBXFileReference; lastKnownFileType = sourcecode.swift; path = Calculator_AppTests.swift; sourceTree = "<group>"; };
		0193BD2620BFF75B00821580 /* Info.plist */ = {isa = PBXFileReference; lastKnownFileType = text.plist.xml; path = Info.plist; sourceTree = "<group>"; };
		0193BD2B20BFF75B00821580 /* Calculator_AppUITests.xctest */ = {isa = PBXFileReference; explicitFileType = wrapper.cfbundle; includeInIndex = 0; path = Calculator_AppUITests.xctest; sourceTree = BUILT_PRODUCTS_DIR; };
		0193BD2F20BFF75B00821580 /* Calculator_AppUITests.swift */ = {isa = PBXFileReference; lastKnownFileType = sourcecode.swift; path = Calculator_AppUITests.swift; sourceTree = "<group>"; };
		0193BD3120BFF75B00821580 /* Info.plist */ = {isa = PBXFileReference; lastKnownFileType = text.plist.xml; path = Info.plist; sourceTree = "<group>"; };
/* End PBXFileReference section */

/* Begin PBXFrameworksBuildPhase section */
		0193BD0920BFF75A00821580 /* Frameworks */ = {
			isa = PBXFrameworksBuildPhase;
			buildActionMask = 2147483647;
			files = (
			);
			runOnlyForDeploymentPostprocessing = 0;
		};
		0193BD1D20BFF75B00821580 /* Frameworks */ = {
			isa = PBXFrameworksBuildPhase;
			buildActionMask = 2147483647;
			files = (
			);
			runOnlyForDeploymentPostprocessing = 0;
		};
		0193BD2820BFF75B00821580 /* Frameworks */ = {
			isa = PBXFrameworksBuildPhase;
			buildActionMask = 2147483647;
			files = (
			);
			runOnlyForDeploymentPostprocessing = 0;
		};
/* End PBXFrameworksBuildPhase section */

/* Begin PBXGroup section */
		0193BD0320BFF75A00821580 = {
			isa = PBXGroup;
			children = (
				0193BD0E20BFF75A00821580 /* Calculator_App */,
				0193BD2320BFF75B00821580 /* Calculator_AppTests */,
				0193BD2E20BFF75B00821580 /* Calculator_AppUITests */,
				0193BD0D20BFF75A00821580 /* Products */,
			);
			sourceTree = "<group>";
		};
		0193BD0D20BFF75A00821580 /* Products */ = {
			isa = PBXGroup;
			children = (
				0193BD0C20BFF75A00821580 /* Calculator_App.app */,
				0193BD2020BFF75B00821580 /* Calculator_AppTests.xctest */,
				0193BD2B20BFF75B00821580 /* Calculator_AppUITests.xctest */,
			);
			name = Products;
			sourceTree = "<group>";
		};
		0193BD0E20BFF75A00821580 /* Calculator_App */ = {
			isa = PBXGroup;
			children = (
				0193BD0F20BFF75A00821580 /* AppDelegate.swift */,
				0193BD1120BFF75A00821580 /* ViewController.swift */,
				0193BD1320BFF75A00821580 /* Main.storyboard */,
				0193BD1620BFF75A00821580 /* Assets.xcassets */,
				0193BD1820BFF75A00821580 /* LaunchScreen.storyboard */,
				0193BD1B20BFF75A00821580 /* Info.plist */,
			);
			path = Calculator_App;
			sourceTree = "<group>";
		};
		0193BD2320BFF75B00821580 /* Calculator_AppTests */ = {
			isa = PBXGroup;
			children = (
				0193BD2420BFF75B00821580 /* Calculator_AppTests.swift */,
				0193BD2620BFF75B00821580 /* Info.plist */,
			);
			path = Calculator_AppTests;
			sourceTree = "<group>";
		};
		0193BD2E20BFF75B00821580 /* Calculator_AppUITests */ = {
			isa = PBXGroup;
			children = (
				0193BD2F20BFF75B00821580 /* Calculator_AppUITests.swift */,
				0193BD3120BFF75B00821580 /* Info.plist */,
			);
			path = Calculator_AppUITests;
			sourceTree = "<group>";
		};
/* End PBXGroup section */

/* Begin PBXNativeTarget section */
		0193BD0B20BFF75A00821580 /* Calculator_App */ = {
			isa = PBXNativeTarget;
			buildConfigurationList = 0193BD3420BFF75B00821580 /* Build configuration list for PBXNativeTarget "Calculator_App" */;
			buildPhases = (
				0193BD0820BFF75A00821580 /* Sources */,
				0193BD0920BFF75A00821580 /* Frameworks */,
				0193BD0A20BFF75A00821580 /* Resources */,
			);
			buildRules = (
			);
			dependencies = (
			);
			name = Calculator_App;
			productName = Calculator_App;
			productReference = 0193BD0C20BFF75A00821580 /* Calculator_App.app */;
			productType = "com.apple.product-type.application";
		};
		0193BD1F20BFF75B00821580 /* Calculator_AppTests */ = {
			isa = PBXNativeTarget;
			buildConfigurationList = 0193BD3720BFF75B00821580 /* Build configuration list for PBXNativeTarget "Calculator_AppTests" */;
			buildPhases = (
				0193BD1C20BFF75B00821580 /* Sources */,
				0193BD1D20BFF75B00821580 /* Frameworks */,
				0193BD1E20BFF75B00821580 /* Resources */,
			);
			buildRules = (
			);
			dependencies = (
				0193BD2220BFF75B00821580 /* PBXTargetDependency */,
			);
			name = Calculator_AppTests;
			productName = Calculator_AppTests;
			productReference = 0193BD2020BFF75B00821580 /* Calculator_AppTests.xctest */;
			productType = "com.apple.product-type.bundle.unit-test";
		};
		0193BD2A20BFF75B00821580 /* Calculator_AppUITests */ = {
			isa = PBXNativeTarget;
			buildConfigurationList = 0193BD3A20BFF75B00821580 /* Build configuration list for PBXNativeTarget "Calculator_AppUITests" */;
			buildPhases = (
				0193BD2720BFF75B00821580 /* Sources */,
				0193BD2820BFF75B00821580 /* Frameworks */,
				0193BD2920BFF75B00821580 /* Resources */,
			);
			buildRules = (
			);
			dependencies = (
				0193BD2D20BFF75B00821580 /* PBXTargetDependency */,
			);
			name = Calculator_AppUITests;
			productName = Calculator_AppUITests;
			productReference = 0193BD2B20BFF75B00821580 /* Calculator_AppUITests.xctest */;
			productType = "com.apple.product-type.bundle.ui-testing";
		};
/* End PBXNativeTarget section */

/* Begin PBXProject section */
		0193BD0420BFF75A00821580 /* Project object */ = {
			isa = PBXProject;
			attributes = {
				LastSwiftUpdateCheck = 0930;
				LastUpgradeCheck = 0930;
				ORGANIZATIONNAME = wangyuwei;
				TargetAttributes = {
					0193BD0B20BFF75A00821580 = {
						CreatedOnToolsVersion = 9.3;
					};
					0193BD1F20BFF75B00821580 = {
						CreatedOnToolsVersion = 9.3;
						TestTargetID = 0193BD0B20BFF75A00821580;
					};
					0193BD2A20BFF75B00821580 = {
						CreatedOnToolsVersion = 9.3;
						TestTargetID = 0193BD0B20BFF75A00821580;
					};
				};
			};
			buildConfigurationList = 0193BD0720BFF75A00821580 /* Build configuration list for PBXProject "Calculator_App" */;
			compatibilityVersion = "Xcode 9.3";
			developmentRegion = en;
			hasScannedForEncodings = 0;
			knownRegions = (
				en,
				Base,
			);
			mainGroup = 0193BD0320BFF75A00821580;
			productRefGroup = 0193BD0D20BFF75A00821580 /* Products */;
			projectDirPath = "";
			projectRoot = "";
			targets = (
				0193BD0B20BFF75A00821580 /* Calculator_App */,
				0193BD1F20BFF75B00821580 /* Calculator_AppTests */,
				0193BD2A20BFF75B00821580 /* Calculator_AppUITests */,
			);
		};
/* End PBXProject section */

/* Begin PBXResourcesBuildPhase section */
		0193BD0A20BFF75A00821580 /* Resources */ = {
			isa = PBXResourcesBuildPhase;
			buildActionMask = 2147483647;
			files = (
				0193BD1A20BFF75A00821580 /* LaunchScreen.storyboard in Resources */,
				0193BD1720BFF75A00821580 /* Assets.xcassets in Resources */,
				0193BD1520BFF75A00821580 /* Main.storyboard in Resources */,
			);
			runOnlyForDeploymentPostprocessing = 0;
		};
		0193BD1E20BFF75B00821580 /* Resources */ = {
			isa = PBXResourcesBuildPhase;
			buildActionMask = 2147483647;
			files = (
			);
			runOnlyForDeploymentPostprocessing = 0;
		};
		0193BD2920BFF75B00821580 /* Resources */ = {
			isa = PBXResourcesBuildPhase;
			buildActionMask = 2147483647;
			files = (
			);
			runOnlyForDeploymentPostprocessing = 0;
		};
/* End PBXResourcesBuildPhase section */

/* Begin PBXSourcesBuildPhase section */
		0193BD0820BFF75A00821580 /* Sources */ = {
			isa = PBXSourcesBuildPhase;
			buildActionMask = 2147483647;
			files = (
				0193BD1220BFF75A00821580 /* ViewController.swift in Sources */,
				0193BD1020BFF75A00821580 /* AppDelegate.swift in Sources */,
			);
			runOnlyForDeploymentPostprocessing = 0;
		};
		0193BD1C20BFF75B00821580 /* Sources */ = {
			isa = PBXSourcesBuildPhase;
			buildActionMask = 2147483647;
			files = (
				0193BD2520BFF75B00821580 /* Calculator_AppTests.swift in Sources */,
			);
			runOnlyForDeploymentPostprocessing = 0;
		};
		0193BD2720BFF75B00821580 /* Sources */ = {
			isa = PBXSourcesBuildPhase;
			buildActionMask = 2147483647;
			files = (
				0193BD3020BFF75B00821580 /* Calculator_AppUITests.swift in Sources */,
			);
			runOnlyForDeploymentPostprocessing = 0;
		};
/* End PBXSourcesBuildPhase section */

/* Begin PBXTargetDependency section */
		0193BD2220BFF75B00821580 /* PBXTargetDependency */ = {
			isa = PBXTargetDependency;
			target = 0193BD0B20BFF75A00821580 /* Calculator_App */;
			targetProxy = 0193BD2120BFF75B00821580 /* PBXContainerItemProxy */;
		};
		0193BD2D20BFF75B00821580 /* PBXTargetDependency */ = {
			isa = PBXTargetDependency;
			target = 0193BD0B20BFF75A00821580 /* Calculator_App */;
			targetProxy = 0193BD2C20BFF75B00821580 /* PBXContainerItemProxy */;
		};
/* End PBXTargetDependency section */

/* Begin PBXVariantGroup section */
		0193BD1320BFF75A00821580 /* Main.storyboard */ = {
			isa = PBXVariantGroup;
			children = (
				0193BD1420BFF75A00821580 /* Base */,
			);
			name = Main.storyboard;
			sourceTree = "<group>";
		};
		0193BD1820BFF75A00821580 /* LaunchScreen.storyboard */ = {
			isa = PBXVariantGroup;
			children = (
				0193BD1920BFF75A00821580 /* Base */,
			);
			name = LaunchScreen.storyboard;
			sourceTree = "<group>";
		};
/* End PBXVariantGroup section */

/* Begin XCBuildConfiguration section */
		0193BD3220BFF75B00821580 /* Debug */ = {
			isa = XCBuildConfiguration;
			buildSettings = {
				ALWAYS_SEARCH_USER_PATHS = NO;
				CLANG_ANALYZER_NONNULL = YES;
				CLANG_ANALYZER_NUMBER_OBJECT_CONVERSION = YES_AGGRESSIVE;
				CLANG_CXX_LANGUAGE_STANDARD = "gnu++14";
				CLANG_CXX_LIBRARY = "libc++";
				CLANG_ENABLE_MODULES = YES;
				CLANG_ENABLE_OBJC_ARC = YES;
				CLANG_ENABLE_OBJC_WEAK = YES;
				CLANG_WARN_BLOCK_CAPTURE_AUTORELEASING = YES;
				CLANG_WARN_BOOL_CONVERSION = YES;
				CLANG_WARN_COMMA = YES;
				CLANG_WARN_CONSTANT_CONVERSION = YES;
				CLANG_WARN_DEPRECATED_OBJC_IMPLEMENTATIONS = YES;
				CLANG_WARN_DIRECT_OBJC_ISA_USAGE = YES_ERROR;
				CLANG_WARN_DOCUMENTATION_COMMENTS = YES;
				CLANG_WARN_EMPTY_BODY = YES;
				CLANG_WARN_ENUM_CONVERSION = YES;
				CLANG_WARN_INFINITE_RECURSION = YES;
				CLANG_WARN_INT_CONVERSION = YES;
				CLANG_WARN_NON_LITERAL_NULL_CONVERSION = YES;
				CLANG_WARN_OBJC_IMPLICIT_RETAIN_SELF = YES;
				CLANG_WARN_OBJC_LITERAL_CONVERSION = YES;
				CLANG_WARN_OBJC_ROOT_CLASS = YES_ERROR;
				CLANG_WARN_RANGE_LOOP_ANALYSIS = YES;
				CLANG_WARN_STRICT_PROTOTYPES = YES;
				CLANG_WARN_SUSPICIOUS_MOVE = YES;
				CLANG_WARN_UNGUARDED_AVAILABILITY = YES_AGGRESSIVE;
				CLANG_WARN_UNREACHABLE_CODE = YES;
				CLANG_WARN__DUPLICATE_METHOD_MATCH = YES;
				CODE_SIGN_IDENTITY = "iPhone Developer";
				COPY_PHASE_STRIP = NO;
				DEBUG_INFORMATION_FORMAT = dwarf;
				ENABLE_STRICT_OBJC_MSGSEND = YES;
				ENABLE_TESTABILITY = YES;
				GCC_C_LANGUAGE_STANDARD = gnu11;
				GCC_DYNAMIC_NO_PIC = NO;
				GCC_NO_COMMON_BLOCKS = YES;
				GCC_OPTIMIZATION_LEVEL = 0;
				GCC_PREPROCESSOR_DEFINITIONS = (
					"DEBUG=1",
					"$(inherited)",
				);
				GCC_WARN_64_TO_32_BIT_CONVERSION = YES;
				GCC_WARN_ABOUT_RETURN_TYPE = YES_ERROR;
				GCC_WARN_UNDECLARED_SELECTOR = YES;
				GCC_WARN_UNINITIALIZED_AUTOS = YES_AGGRESSIVE;
				GCC_WARN_UNUSED_FUNCTION = YES;
				GCC_WARN_UNUSED_VARIABLE = YES;
				IPHONEOS_DEPLOYMENT_TARGET = 11.3;
				MTL_ENABLE_DEBUG_INFO = YES;
				ONLY_ACTIVE_ARCH = YES;
				SDKROOT = iphoneos;
				SWIFT_ACTIVE_COMPILATION_CONDITIONS = DEBUG;
				SWIFT_OPTIMIZATION_LEVEL = "-Onone";
			};
			name = Debug;
		};
		0193BD3320BFF75B00821580 /* Release */ = {
			isa = XCBuildConfiguration;
			buildSettings = {
				ALWAYS_SEARCH_USER_PATHS = NO;
				CLANG_ANALYZER_NONNULL = YES;
				CLANG_ANALYZER_NUMBER_OBJECT_CONVERSION = YES_AGGRESSIVE;
				CLANG_CXX_LANGUAGE_STANDARD = "gnu++14";
				CLANG_CXX_LIBRARY = "libc++";
				CLANG_ENABLE_MODULES = YES;
				CLANG_ENABLE_OBJC_ARC = YES;
				CLANG_ENABLE_OBJC_WEAK = YES;
				CLANG_WARN_BLOCK_CAPTURE_AUTORELEASING = YES;
				CLANG_WARN_BOOL_CONVERSION = YES;
				CLANG_WARN_COMMA = YES;
				CLANG_WARN_CONSTANT_CONVERSION = YES;
				CLANG_WARN_DEPRECATED_OBJC_IMPLEMENTATIONS = YES;
				CLANG_WARN_DIRECT_OBJC_ISA_USAGE = YES_ERROR;
				CLANG_WARN_DOCUMENTATION_COMMENTS = YES;
				CLANG_WARN_EMPTY_BODY = YES;
				CLANG_WARN_ENUM_CONVERSION = YES;
				CLANG_WARN_INFINITE_RECURSION = YES;
				CLANG_WARN_INT_CONVERSION = YES;
				CLANG_WARN_NON_LITERAL_NULL_CONVERSION = YES;
				CLANG_WARN_OBJC_IMPLICIT_RETAIN_SELF = YES;
				CLANG_WARN_OBJC_LITERAL_CONVERSION = YES;
				CLANG_WARN_OBJC_ROOT_CLASS = YES_ERROR;
				CLANG_WARN_RANGE_LOOP_ANALYSIS = YES;
				CLANG_WARN_STRICT_PROTOTYPES = YES;
				CLANG_WARN_SUSPICIOUS_MOVE = YES;
				CLANG_WARN_UNGUARDED_AVAILABILITY = YES_AGGRESSIVE;
				CLANG_WARN_UNREACHABLE_CODE = YES;
				CLANG_WARN__DUPLICATE_METHOD_MATCH = YES;
				CODE_SIGN_IDENTITY = "iPhone Developer";
				COPY_PHASE_STRIP = NO;
				DEBUG_INFORMATION_FORMAT = "dwarf-with-dsym";
				ENABLE_NS_ASSERTIONS = NO;
				ENABLE_STRICT_OBJC_MSGSEND = YES;
				GCC_C_LANGUAGE_STANDARD = gnu11;
				GCC_NO_COMMON_BLOCKS = YES;
				GCC_WARN_64_TO_32_BIT_CONVERSION = YES;
				GCC_WARN_ABOUT_RETURN_TYPE = YES_ERROR;
				GCC_WARN_UNDECLARED_SELECTOR = YES;
				GCC_WARN_UNINITIALIZED_AUTOS = YES_AGGRESSIVE;
				GCC_WARN_UNUSED_FUNCTION = YES;
				GCC_WARN_UNUSED_VARIABLE = YES;
				IPHONEOS_DEPLOYMENT_TARGET = 11.3;
				MTL_ENABLE_DEBUG_INFO = NO;
				SDKROOT = iphoneos;
				SWIFT_COMPILATION_MODE = wholemodule;
				SWIFT_OPTIMIZATION_LEVEL = "-O";
				VALIDATE_PRODUCT = YES;
			};
			name = Release;
		};
		0193BD3520BFF75B00821580 /* Debug */ = {
			isa = XCBuildConfiguration;
			buildSettings = {
				ASSETCATALOG_COMPILER_APPICON_NAME = AppIcon;
				CODE_SIGN_STYLE = Automatic;
				DEVELOPMENT_TEAM = 24SM6522LU;
				INFOPLIST_FILE = Calculator_App/Info.plist;
				LD_RUNPATH_SEARCH_PATHS = (
					"$(inherited)",
					"@executable_path/Frameworks",
				);
				PRODUCT_BUNDLE_IDENTIFIER = "---.Calculator-App";
				PRODUCT_NAME = "$(TARGET_NAME)";
				SWIFT_VERSION = 4.0;
				TARGETED_DEVICE_FAMILY = "1,2";
			};
			name = Debug;
		};
		0193BD3620BFF75B00821580 /* Release */ = {
			isa = XCBuildConfiguration;
			buildSettings = {
				ASSETCATALOG_COMPILER_APPICON_NAME = AppIcon;
				CODE_SIGN_STYLE = Automatic;
				DEVELOPMENT_TEAM = 24SM6522LU;
				INFOPLIST_FILE = Calculator_App/Info.plist;
				LD_RUNPATH_SEARCH_PATHS = (
					"$(inherited)",
					"@executable_path/Frameworks",
				);
				PRODUCT_BUNDLE_IDENTIFIER = "---.Calculator-App";
				PRODUCT_NAME = "$(TARGET_NAME)";
				SWIFT_VERSION = 4.0;
				TARGETED_DEVICE_FAMILY = "1,2";
			};
			name = Release;
		};
		0193BD3820BFF75B00821580 /* Debug */ = {
			isa = XCBuildConfiguration;
			buildSettings = {
				ALWAYS_EMBED_SWIFT_STANDARD_LIBRARIES = YES;
				BUNDLE_LOADER = "$(TEST_HOST)";
				CODE_SIGN_STYLE = Automatic;
				DEVELOPMENT_TEAM = 24SM6522LU;
				INFOPLIST_FILE = Calculator_AppTests/Info.plist;
				LD_RUNPATH_SEARCH_PATHS = (
					"$(inherited)",
					"@executable_path/Frameworks",
					"@loader_path/Frameworks",
				);
				PRODUCT_BUNDLE_IDENTIFIER = "---.Calculator-AppTests";
				PRODUCT_NAME = "$(TARGET_NAME)";
				SWIFT_VERSION = 4.0;
				TARGETED_DEVICE_FAMILY = "1,2";
				TEST_HOST = "$(BUILT_PRODUCTS_DIR)/Calculator_App.app/Calculator_App";
			};
			name = Debug;
		};
		0193BD3920BFF75B00821580 /* Release */ = {
			isa = XCBuildConfiguration;
			buildSettings = {
				ALWAYS_EMBED_SWIFT_STANDARD_LIBRARIES = YES;
				BUNDLE_LOADER = "$(TEST_HOST)";
				CODE_SIGN_STYLE = Automatic;
				DEVELOPMENT_TEAM = 24SM6522LU;
				INFOPLIST_FILE = Calculator_AppTests/Info.plist;
				LD_RUNPATH_SEARCH_PATHS = (
					"$(inherited)",
					"@executable_path/Frameworks",
					"@loader_path/Frameworks",
				);
				PRODUCT_BUNDLE_IDENTIFIER = "---.Calculator-AppTests";
				PRODUCT_NAME = "$(TARGET_NAME)";
				SWIFT_VERSION = 4.0;
				TARGETED_DEVICE_FAMILY = "1,2";
				TEST_HOST = "$(BUILT_PRODUCTS_DIR)/Calculator_App.app/Calculator_App";
			};
			name = Release;
		};
		0193BD3B20BFF75B00821580 /* Debug */ = {
			isa = XCBuildConfiguration;
			buildSettings = {
				ALWAYS_EMBED_SWIFT_STANDARD_LIBRARIES = YES;
				CODE_SIGN_STYLE = Automatic;
				DEVELOPMENT_TEAM = 24SM6522LU;
				INFOPLIST_FILE = Calculator_AppUITests/Info.plist;
				LD_RUNPATH_SEARCH_PATHS = (
					"$(inherited)",
					"@executable_path/Frameworks",
					"@loader_path/Frameworks",
				);
				PRODUCT_BUNDLE_IDENTIFIER = "---.Calculator-AppUITests";
				PRODUCT_NAME = "$(TARGET_NAME)";
				SWIFT_VERSION = 4.0;
				TARGETED_DEVICE_FAMILY = "1,2";
				TEST_TARGET_NAME = Calculator_App;
			};
			name = Debug;
		};
		0193BD3C20BFF75B00821580 /* Release */ = {
			isa = XCBuildConfiguration;
			buildSettings = {
				ALWAYS_EMBED_SWIFT_STANDARD_LIBRARIES = YES;
				CODE_SIGN_STYLE = Automatic;
				DEVELOPMENT_TEAM = 24SM6522LU;
				INFOPLIST_FILE = Calculator_AppUITests/Info.plist;
				LD_RUNPATH_SEARCH_PATHS = (
					"$(inherited)",
					"@executable_path/Frameworks",
					"@loader_path/Frameworks",
				);
				PRODUCT_BUNDLE_IDENTIFIER = "---.Calculator-AppUITests";
				PRODUCT_NAME = "$(TARGET_NAME)";
				SWIFT_VERSION = 4.0;
				TARGETED_DEVICE_FAMILY = "1,2";
				TEST_TARGET_NAME = Calculator_App;
			};
			name = Release;
		};
/* End XCBuildConfiguration section */

/* Begin XCConfigurationList section */
		0193BD0720BFF75A00821580 /* Build configuration list for PBXProject "Calculator_App" */ = {
			isa = XCConfigurationList;
			buildConfigurations = (
				0193BD3220BFF75B00821580 /* Debug */,
				0193BD3320BFF75B00821580 /* Release */,
			);
			defaultConfigurationIsVisible = 0;
			defaultConfigurationName = Release;
		};
		0193BD3420BFF75B00821580 /* Build configuration list for PBXNativeTarget "Calculator_App" */ = {
			isa = XCConfigurationList;
			buildConfigurations = (
				0193BD3520BFF75B00821580 /* Debug */,
				0193BD3620BFF75B00821580 /* Release */,
			);
			defaultConfigurationIsVisible = 0;
			defaultConfigurationName = Release;
		};
		0193BD3720BFF75B00821580 /* Build configuration list for PBXNativeTarget "Calculator_AppTests" */ = {
			isa = XCConfigurationList;
			buildConfigurations = (
				0193BD3820BFF75B00821580 /* Debug */,
				0193BD3920BFF75B00821580 /* Release */,
			);
			defaultConfigurationIsVisible = 0;
			defaultConfigurationName = Release;
		};
		0193BD3A20BFF75B00821580 /* Build configuration list for PBXNativeTarget "Calculator_AppUITests" */ = {
			isa = XCConfigurationList;
			buildConfigurations = (
				0193BD3B20BFF75B00821580 /* Debug */,
				0193BD3C20BFF75B00821580 /* Release */,
			);
			defaultConfigurationIsVisible = 0;
			defaultConfigurationName = Release;
		};
/* End XCConfigurationList section */
	};
	rootObject = 0193BD0420BFF75A00821580 /* Project object */;
}
